// !$*UTF8*$!
{
	archiveVersion = 1;
	classes = {
	};
	objectVersion = 46;
	objects = {

/* Begin PBXBuildFile section */
		6B4B4F3319DF30A50017454E /* main.m in Sources */ = {isa = PBXBuildFile; fileRef = 6B4B4F3219DF30A50017454E /* main.m */; };
		6B4B4F3619DF30A50017454E /* AppDelegate.m in Sources */ = {isa = PBXBuildFile; fileRef = 6B4B4F3519DF30A50017454E /* AppDelegate.m */; };
		6B4B4F4D19DF30A50017454E /* FileDeserializeBenchmarkingTests.m in Sources */ = {isa = PBXBuildFile; fileRef = 6B4B4F4C19DF30A50017454E /* FileDeserializeBenchmarkingTests.m */; };
		6B4B4F5B19DF34AB0017454E /* JSONFileDeserialize.m in Sources */ = {isa = PBXBuildFile; fileRef = 6B4B4F5A19DF34AB0017454E /* JSONFileDeserialize.m */; };
		6B4B4F5E19DF35270017454E /* PlistFileDeserialize.m in Sources */ = {isa = PBXBuildFile; fileRef = 6B4B4F5D19DF35270017454E /* PlistFileDeserialize.m */; };
		6B4B4F6219DF37580017454E /* ItemModel.m in Sources */ = {isa = PBXBuildFile; fileRef = 6B4B4F6119DF37580017454E /* ItemModel.m */; };
		6B4B4F6419DF376B0017454E /* data.plist in Resources */ = {isa = PBXBuildFile; fileRef = 6B4B4F6319DF376B0017454E /* data.plist */; };
		6B4B4F6619DF377E0017454E /* data.json in Resources */ = {isa = PBXBuildFile; fileRef = 6B4B4F6519DF377E0017454E /* data.json */; };
/* End PBXBuildFile section */

/* Begin PBXContainerItemProxy section */
		6B4B4F4719DF30A50017454E /* PBXContainerItemProxy */ = {
			isa = PBXContainerItemProxy;
			containerPortal = 6B4B4F2519DF30A50017454E /* Project object */;
			proxyType = 1;
			remoteGlobalIDString = 6B4B4F2C19DF30A50017454E;
			remoteInfo = FileDeserializeBenchmarking;
		};
/* End PBXContainerItemProxy section */

/* Begin PBXFileReference section */
		6B4B4F2D19DF30A50017454E /* FileDeserializeBenchmarking.app */ = {isa = PBXFileReference; explicitFileType = wrapper.application; includeInIndex = 0; path = FileDeserializeBenchmarking.app; sourceTree = BUILT_PRODUCTS_DIR; };
		6B4B4F3119DF30A50017454E /* Info.plist */ = {isa = PBXFileReference; lastKnownFileType = text.plist.xml; path = Info.plist; sourceTree = "<group>"; };
		6B4B4F3219DF30A50017454E /* main.m */ = {isa = PBXFileReference; lastKnownFileType = sourcecode.c.objc; path = main.m; sourceTree = "<group>"; };
		6B4B4F3419DF30A50017454E /* AppDelegate.h */ = {isa = PBXFileReference; lastKnownFileType = sourcecode.c.h; path = AppDelegate.h; sourceTree = "<group>"; };
		6B4B4F3519DF30A50017454E /* AppDelegate.m */ = {isa = PBXFileReference; lastKnownFileType = sourcecode.c.objc; path = AppDelegate.m; sourceTree = "<group>"; };
		6B4B4F4619DF30A50017454E /* FileDeserializeBenchmarkingTests.xctest */ = {isa = PBXFileReference; explicitFileType = wrapper.cfbundle; includeInIndex = 0; path = FileDeserializeBenchmarkingTests.xctest; sourceTree = BUILT_PRODUCTS_DIR; };
		6B4B4F4B19DF30A50017454E /* Info.plist */ = {isa = PBXFileReference; lastKnownFileType = text.plist.xml; path = Info.plist; sourceTree = "<group>"; };
		6B4B4F4C19DF30A50017454E /* FileDeserializeBenchmarkingTests.m */ = {isa = PBXFileReference; lastKnownFileType = sourcecode.c.objc; path = FileDeserializeBenchmarkingTests.m; sourceTree = "<group>"; };
		6B4B4F5919DF34AB0017454E /* JSONFileDeserialize.h */ = {isa = PBXFileReference; fileEncoding = 4; lastKnownFileType = sourcecode.c.h; path = JSONFileDeserialize.h; sourceTree = "<group>"; };
		6B4B4F5A19DF34AB0017454E /* JSONFileDeserialize.m */ = {isa = PBXFileReference; fileEncoding = 4; lastKnownFileType = sourcecode.c.objc; path = JSONFileDeserialize.m; sourceTree = "<group>"; };
		6B4B4F5C19DF35270017454E /* PlistFileDeserialize.h */ = {isa = PBXFileReference; fileEncoding = 4; lastKnownFileType = sourcecode.c.h; path = PlistFileDeserialize.h; sourceTree = "<group>"; };
		6B4B4F5D19DF35270017454E /* PlistFileDeserialize.m */ = {isa = PBXFileReference; fileEncoding = 4; lastKnownFileType = sourcecode.c.objc; path = PlistFileDeserialize.m; sourceTree = "<group>"; };
		6B4B4F6019DF37580017454E /* ItemModel.h */ = {isa = PBXFileReference; fileEncoding = 4; lastKnownFileType = sourcecode.c.h; path = ItemModel.h; sourceTree = "<group>"; };
		6B4B4F6119DF37580017454E /* ItemModel.m */ = {isa = PBXFileReference; fileEncoding = 4; lastKnownFileType = sourcecode.c.objc; path = ItemModel.m; sourceTree = "<group>"; };
		6B4B4F6319DF376B0017454E /* data.plist */ = {isa = PBXFileReference; fileEncoding = 4; lastKnownFileType = text.plist.xml; path = data.plist; sourceTree = "<group>"; };
		6B4B4F6519DF377E0017454E /* data.json */ = {isa = PBXFileReference; fileEncoding = 4; lastKnownFileType = text.json; path = data.json; sourceTree = "<group>"; };
/* End PBXFileReference section */

/* Begin PBXFrameworksBuildPhase section */
		6B4B4F2A19DF30A50017454E /* Frameworks */ = {
			isa = PBXFrameworksBuildPhase;
			buildActionMask = 2147483647;
			files = (
			);
			runOnlyForDeploymentPostprocessing = 0;
		};
		6B4B4F4319DF30A50017454E /* Frameworks */ = {
			isa = PBXFrameworksBuildPhase;
			buildActionMask = 2147483647;
			files = (
			);
			runOnlyForDeploymentPostprocessing = 0;
		};
/* End PBXFrameworksBuildPhase section */

/* Begin PBXGroup section */
		6B4B4F2419DF30A50017454E = {
			isa = PBXGroup;
			children = (
				6B4B4F2F19DF30A50017454E /* FileDeserializeBenchmarking */,
				6B4B4F4919DF30A50017454E /* FileDeserializeBenchmarkingTests */,
				6B4B4F2E19DF30A50017454E /* Products */,
			);
			sourceTree = "<group>";
		};
		6B4B4F2E19DF30A50017454E /* Products */ = {
			isa = PBXGroup;
			children = (
				6B4B4F2D19DF30A50017454E /* FileDeserializeBenchmarking.app */,
				6B4B4F4619DF30A50017454E /* FileDeserializeBenchmarkingTests.xctest */,
			);
			name = Products;
			sourceTree = "<group>";
		};
		6B4B4F2F19DF30A50017454E /* FileDeserializeBenchmarking */ = {
			isa = PBXGroup;
			children = (
				6B4B4F5F19DF37430017454E /* Data */,
				6B4B4F5919DF34AB0017454E /* JSONFileDeserialize.h */,
				6B4B4F5A19DF34AB0017454E /* JSONFileDeserialize.m */,
				6B4B4F5C19DF35270017454E /* PlistFileDeserialize.h */,
				6B4B4F5D19DF35270017454E /* PlistFileDeserialize.m */,
				6B4B4F3419DF30A50017454E /* AppDelegate.h */,
				6B4B4F3519DF30A50017454E /* AppDelegate.m */,
				6B4B4F3019DF30A50017454E /* Supporting Files */,
			);
			path = FileDeserializeBenchmarking;
			sourceTree = "<group>";
		};
		6B4B4F3019DF30A50017454E /* Supporting Files */ = {
			isa = PBXGroup;
			children = (
				6B4B4F3119DF30A50017454E /* Info.plist */,
				6B4B4F3219DF30A50017454E /* main.m */,
			);
			name = "Supporting Files";
			sourceTree = "<group>";
		};
		6B4B4F4919DF30A50017454E /* FileDeserializeBenchmarkingTests */ = {
			isa = PBXGroup;
			children = (
				6B4B4F4C19DF30A50017454E /* FileDeserializeBenchmarkingTests.m */,
				6B4B4F4A19DF30A50017454E /* Supporting Files */,
			);
			path = FileDeserializeBenchmarkingTests;
			sourceTree = "<group>";
		};
		6B4B4F4A19DF30A50017454E /* Supporting Files */ = {
			isa = PBXGroup;
			children = (
				6B4B4F4B19DF30A50017454E /* Info.plist */,
			);
			name = "Supporting Files";
			sourceTree = "<group>";
		};
		6B4B4F5F19DF37430017454E /* Data */ = {
			isa = PBXGroup;
			children = (
				6B4B4F6019DF37580017454E /* ItemModel.h */,
				6B4B4F6119DF37580017454E /* ItemModel.m */,
				6B4B4F6319DF376B0017454E /* data.plist */,
				6B4B4F6519DF377E0017454E /* data.json */,
			);
			path = Data;
			sourceTree = "<group>";
		};
/* End PBXGroup section */

/* Begin PBXNativeTarget section */
		6B4B4F2C19DF30A50017454E /* FileDeserializeBenchmarking */ = {
			isa = PBXNativeTarget;
			buildConfigurationList = 6B4B4F5019DF30A50017454E /* Build configuration list for PBXNativeTarget "FileDeserializeBenchmarking" */;
			buildPhases = (
				6B4B4F2919DF30A50017454E /* Sources */,
				6B4B4F2A19DF30A50017454E /* Frameworks */,
				6B4B4F2B19DF30A50017454E /* Resources */,
			);
			buildRules = (
			);
			dependencies = (
			);
			name = FileDeserializeBenchmarking;
			productName = FileDeserializeBenchmarking;
			productReference = 6B4B4F2D19DF30A50017454E /* FileDeserializeBenchmarking.app */;
			productType = "com.apple.product-type.application";
		};
		6B4B4F4519DF30A50017454E /* FileDeserializeBenchmarkingTests */ = {
			isa = PBXNativeTarget;
			buildConfigurationList = 6B4B4F5319DF30A50017454E /* Build configuration list for PBXNativeTarget "FileDeserializeBenchmarkingTests" */;
			buildPhases = (
				6B4B4F4219DF30A50017454E /* Sources */,
				6B4B4F4319DF30A50017454E /* Frameworks */,
				6B4B4F4419DF30A50017454E /* Resources */,
			);
			buildRules = (
			);
			dependencies = (
				6B4B4F4819DF30A50017454E /* PBXTargetDependency */,
			);
			name = FileDeserializeBenchmarkingTests;
			productName = FileDeserializeBenchmarkingTests;
			productReference = 6B4B4F4619DF30A50017454E /* FileDeserializeBenchmarkingTests.xctest */;
			productType = "com.apple.product-type.bundle.unit-test";
		};
/* End PBXNativeTarget section */

/* Begin PBXProject section */
		6B4B4F2519DF30A50017454E /* Project object */ = {
			isa = PBXProject;
			attributes = {
				LastUpgradeCheck = 0600;
				ORGANIZATIONNAME = "Petroianu Daniel";
				TargetAttributes = {
					6B4B4F2C19DF30A50017454E = {
						CreatedOnToolsVersion = 6.0.1;
					};
					6B4B4F4519DF30A50017454E = {
						CreatedOnToolsVersion = 6.0.1;
						TestTargetID = 6B4B4F2C19DF30A50017454E;
					};
				};
			};
			buildConfigurationList = 6B4B4F2819DF30A50017454E /* Build configuration list for PBXProject "FileDeserializeBenchmarking" */;
			compatibilityVersion = "Xcode 3.2";
			developmentRegion = English;
			hasScannedForEncodings = 0;
			knownRegions = (
				en,
				Base,
			);
			mainGroup = 6B4B4F2419DF30A50017454E;
			productRefGroup = 6B4B4F2E19DF30A50017454E /* Products */;
			projectDirPath = "";
			projectRoot = "";
			targets = (
				6B4B4F2C19DF30A50017454E /* FileDeserializeBenchmarking */,
				6B4B4F4519DF30A50017454E /* FileDeserializeBenchmarkingTests */,
			);
		};
/* End PBXProject section */

/* Begin PBXResourcesBuildPhase section */
		6B4B4F2B19DF30A50017454E /* Resources */ = {
			isa = PBXResourcesBuildPhase;
			buildActionMask = 2147483647;
			files = (
				6B4B4F6419DF376B0017454E /* data.plist in Resources */,
				6B4B4F6619DF377E0017454E /* data.json in Resources */,
			);
			runOnlyForDeploymentPostprocessing = 0;
		};
		6B4B4F4419DF30A50017454E /* Resources */ = {
			isa = PBXResourcesBuildPhase;
			buildActionMask = 2147483647;
			files = (
			);
			runOnlyForDeploymentPostprocessing = 0;
		};
/* End PBXResourcesBuildPhase section */

/* Begin PBXSourcesBuildPhase section */
		6B4B4F2919DF30A50017454E /* Sources */ = {
			isa = PBXSourcesBuildPhase;
			buildActionMask = 2147483647;
			files = (
				6B4B4F5E19DF35270017454E /* PlistFileDeserialize.m in Sources */,
				6B4B4F6219DF37580017454E /* ItemModel.m in Sources */,
				6B4B4F3619DF30A50017454E /* AppDelegate.m in Sources */,
				6B4B4F3319DF30A50017454E /* main.m in Sources */,
				6B4B4F5B19DF34AB0017454E /* JSONFileDeserialize.m in Sources */,
			);
			runOnlyForDeploymentPostprocessing = 0;
		};
		6B4B4F4219DF30A50017454E /* Sources */ = {
			isa = PBXSourcesBuildPhase;
			buildActionMask = 2147483647;
			files = (
				6B4B4F4D19DF30A50017454E /* FileDeserializeBenchmarkingTests.m in Sources */,
			);
			runOnlyForDeploymentPostprocessing = 0;
		};
/* End PBXSourcesBuildPhase section */

/* Begin PBXTargetDependency section */
		6B4B4F4819DF30A50017454E /* PBXTargetDependency */ = {
			isa = PBXTargetDependency;
			target = 6B4B4F2C19DF30A50017454E /* FileDeserializeBenchmarking */;
			targetProxy = 6B4B4F4719DF30A50017454E /* PBXContainerItemProxy */;
		};
/* End PBXTargetDependency section */

/* Begin XCBuildConfiguration section */
		6B4B4F4E19DF30A50017454E /* Debug */ = {
			isa = XCBuildConfiguration;
			buildSettings = {
				ALWAYS_SEARCH_USER_PATHS = NO;
				CLANG_CXX_LANGUAGE_STANDARD = "gnu++0x";
				CLANG_CXX_LIBRARY = "libc++";
				CLANG_ENABLE_MODULES = YES;
				CLANG_ENABLE_OBJC_ARC = YES;
				CLANG_WARN_BOOL_CONVERSION = YES;
				CLANG_WARN_CONSTANT_CONVERSION = YES;
				CLANG_WARN_DIRECT_OBJC_ISA_USAGE = YES_ERROR;
				CLANG_WARN_EMPTY_BODY = YES;
				CLANG_WARN_ENUM_CONVERSION = YES;
				CLANG_WARN_INT_CONVERSION = YES;
				CLANG_WARN_OBJC_ROOT_CLASS = YES_ERROR;
				CLANG_WARN_UNREACHABLE_CODE = YES;
				CLANG_WARN__DUPLICATE_METHOD_MATCH = YES;
				"CODE_SIGN_IDENTITY[sdk=iphoneos*]" = "iPhone Developer";
				COPY_PHASE_STRIP = NO;
				ENABLE_STRICT_OBJC_MSGSEND = YES;
				GCC_C_LANGUAGE_STANDARD = gnu99;
				GCC_DYNAMIC_NO_PIC = NO;
				GCC_OPTIMIZATION_LEVEL = 0;
				GCC_PREPROCESSOR_DEFINITIONS = (
					"DEBUG=1",
					"$(inherited)",
				);
				GCC_SYMBOLS_PRIVATE_EXTERN = NO;
				GCC_WARN_64_TO_32_BIT_CONVERSION = YES;
				GCC_WARN_ABOUT_RETURN_TYPE = YES_ERROR;
				GCC_WARN_UNDECLARED_SELECTOR = YES;
				GCC_WARN_UNINITIALIZED_AUTOS = YES_AGGRESSIVE;
				GCC_WARN_UNUSED_FUNCTION = YES;
				GCC_WARN_UNUSED_VARIABLE = YES;
				IPHONEOS_DEPLOYMENT_TARGET = 8.0;
				MTL_ENABLE_DEBUG_INFO = YES;
				ONLY_ACTIVE_ARCH = YES;
				SDKROOT = iphoneos;
				TARGETED_DEVICE_FAMILY = "1,2";
			};
			name = Debug;
		};
		6B4B4F4F19DF30A50017454E /* Release */ = {
			isa = XCBuildConfiguration;
			buildSettings = {
				ALWAYS_SEARCH_USER_PATHS = NO;
				CLANG_CXX_LANGUAGE_STANDARD = "gnu++0x";
				CLANG_CXX_LIBRARY = "libc++";
				CLANG_ENABLE_MODULES = YES;
				CLANG_ENABLE_OBJC_ARC = YES;
				CLANG_WARN_BOOL_CONVERSION = YES;
				CLANG_WARN_CONSTANT_CONVERSION = YES;
				CLANG_WARN_DIRECT_OBJC_ISA_USAGE = YES_ERROR;
				CLANG_WARN_EMPTY_BODY = YES;
				CLANG_WARN_ENUM_CONVERSION = YES;
				CLANG_WARN_INT_CONVERSION = YES;
				CLANG_WARN_OBJC_ROOT_CLASS = YES_ERROR;
				CLANG_WARN_UNREACHABLE_CODE = YES;
				CLANG_WARN__DUPLICATE_METHOD_MATCH = YES;
				"CODE_SIGN_IDENTITY[sdk=iphoneos*]" = "iPhone Developer";
				COPY_PHASE_STRIP = YES;
				ENABLE_NS_ASSERTIONS = NO;
				ENABLE_STRICT_OBJC_MSGSEND = YES;
				GCC_C_LANGUAGE_STANDARD = gnu99;
				GCC_WARN_64_TO_32_BIT_CONVERSION = YES;
				GCC_WARN_ABOUT_RETURN_TYPE = YES_ERROR;
				GCC_WARN_UNDECLARED_SELECTOR = YES;
				GCC_WARN_UNINITIALIZED_AUTOS = YES_AGGRESSIVE;
				GCC_WARN_UNUSED_FUNCTION = YES;
				GCC_WARN_UNUSED_VARIABLE = YES;
				IPHONEOS_DEPLOYMENT_TARGET = 8.0;
				MTL_ENABLE_DEBUG_INFO = NO;
				SDKROOT = iphoneos;
				TARGETED_DEVICE_FAMILY = "1,2";
				VALIDATE_PRODUCT = YES;
			};
			name = Release;
		};
		6B4B4F5119DF30A50017454E /* Debug */ = {
			isa = XCBuildConfiguration;
			buildSettings = {
				INFOPLIST_FILE = FileDeserializeBenchmarking/Info.plist;
				IPHONEOS_DEPLOYMENT_TARGET = 7.0;
				LD_RUNPATH_SEARCH_PATHS = "$(inherited) @executable_path/Frameworks";
				PRODUCT_NAME = "$(TARGET_NAME)";
			};
			name = Debug;
		};
		6B4B4F5219DF30A50017454E /* Release */ = {
			isa = XCBuildConfiguration;
			buildSettings = {
				INFOPLIST_FILE = FileDeserializeBenchmarking/Info.plist;
				IPHONEOS_DEPLOYMENT_TARGET = 7.0;
				LD_RUNPATH_SEARCH_PATHS = "$(inherited) @executable_path/Frameworks";
				PRODUCT_NAME = "$(TARGET_NAME)";
			};
			name = Release;
		};
		6B4B4F5419DF30A50017454E /* Debug */ = {
			isa = XCBuildConfiguration;
			buildSettings = {
				BUNDLE_LOADER = "$(TEST_HOST)";
				FRAMEWORK_SEARCH_PATHS = (
					"$(SDKROOT)/Developer/Library/Frameworks",
					"$(inherited)",
				);
				GCC_PREPROCESSOR_DEFINITIONS = (
					"DEBUG=1",
					"$(inherited)",
				);
				INFOPLIST_FILE = FileDeserializeBenchmarkingTests/Info.plist;
				LD_RUNPATH_SEARCH_PATHS = "$(inherited) @executable_path/Frameworks @loader_path/Frameworks";
				PRODUCT_NAME = "$(TARGET_NAME)";
				TEST_HOST = "$(BUILT_PRODUCTS_DIR)/FileDeserializeBenchmarking.app/FileDeserializeBenchmarking";
			};
			name = Debug;
		};
		6B4B4F5519DF30A50017454E /* Release */ = {
			isa = XCBuildConfiguration;
			buildSettings = {
				BUNDLE_LOADER = "$(TEST_HOST)";
				FRAMEWORK_SEARCH_PATHS = (
					"$(SDKROOT)/Developer/Library/Frameworks",
					"$(inherited)",
				);
				INFOPLIST_FILE = FileDeserializeBenchmarkingTests/Info.plist;
				LD_RUNPATH_SEARCH_PATHS = "$(inherited) @executable_path/Frameworks @loader_path/Frameworks";
				PRODUCT_NAME = "$(TARGET_NAME)";
				TEST_HOST = "$(BUILT_PRODUCTS_DIR)/FileDeserializeBenchmarking.app/FileDeserializeBenchmarking";
			};
			name = Release;
		};
/* End XCBuildConfiguration section */

/* Begin XCConfigurationList section */
		6B4B4F2819DF30A50017454E /* Build configuration list for PBXProject "FileDeserializeBenchmarking" */ = {
			isa = XCConfigurationList;
			buildConfigurations = (
				6B4B4F4E19DF30A50017454E /* Debug */,
				6B4B4F4F19DF30A50017454E /* Release */,
			);
			defaultConfigurationIsVisible = 0;
			defaultConfigurationName = Release;
		};
		6B4B4F5019DF30A50017454E /* Build configuration list for PBXNativeTarget "FileDeserializeBenchmarking" */ = {
			isa = XCConfigurationList;
			buildConfigurations = (
				6B4B4F5119DF30A50017454E /* Debug */,
				6B4B4F5219DF30A50017454E /* Release */,
			);
			defaultConfigurationIsVisible = 0;
		};
		6B4B4F5319DF30A50017454E /* Build configuration list for PBXNativeTarget "FileDeserializeBenchmarkingTests" */ = {
			isa = XCConfigurationList;
			buildConfigurations = (
				6B4B4F5419DF30A50017454E /* Debug */,
				6B4B4F5519DF30A50017454E /* Release */,
			);
			defaultConfigurationIsVisible = 0;
		};
/* End XCConfigurationList section */
	};
	rootObject = 6B4B4F2519DF30A50017454E /* Project object */;
}
